// !$*UTF8*$!
{
	archiveVersion = 1;
	classes = {
	};
	objectVersion = 55;
	objects = {

/* Begin PBXBuildFile section */
		888C56D2277711AD0029090A /* WordCloudDemoApp.swift in Sources */ = {isa = PBXBuildFile; fileRef = 888C56C2277711AC0029090A /* WordCloudDemoApp.swift */; };
		888C56D3277711AD0029090A /* WordCloudDemoApp.swift in Sources */ = {isa = PBXBuildFile; fileRef = 888C56C2277711AC0029090A /* WordCloudDemoApp.swift */; };
		888C56D4277711AD0029090A /* ContentView.swift in Sources */ = {isa = PBXBuildFile; fileRef = 888C56C3277711AC0029090A /* ContentView.swift */; };
		888C56D5277711AD0029090A /* ContentView.swift in Sources */ = {isa = PBXBuildFile; fileRef = 888C56C3277711AC0029090A /* ContentView.swift */; };
		888C56D6277711AD0029090A /* Assets.xcassets in Resources */ = {isa = PBXBuildFile; fileRef = 888C56C4277711AD0029090A /* Assets.xcassets */; };
		888C56D7277711AD0029090A /* Assets.xcassets in Resources */ = {isa = PBXBuildFile; fileRef = 888C56C4277711AD0029090A /* Assets.xcassets */; };
		888C56E1277712730029090A /* WordCloudImageView.swift in Sources */ = {isa = PBXBuildFile; fileRef = 888C56E0277712730029090A /* WordCloudImageView.swift */; };
		888C56E2277712730029090A /* WordCloudImageView.swift in Sources */ = {isa = PBXBuildFile; fileRef = 888C56E0277712730029090A /* WordCloudImageView.swift */; };
		888C56E4277750660029090A /* WordCloudView.swift in Sources */ = {isa = PBXBuildFile; fileRef = 888C56E3277750660029090A /* WordCloudView.swift */; };
		888C56E5277750660029090A /* WordCloudView.swift in Sources */ = {isa = PBXBuildFile; fileRef = 888C56E3277750660029090A /* WordCloudView.swift */; };
/* End PBXBuildFile section */

/* Begin PBXFileReference section */
		888C56C2277711AC0029090A /* WordCloudDemoApp.swift */ = {isa = PBXFileReference; lastKnownFileType = sourcecode.swift; path = WordCloudDemoApp.swift; sourceTree = "<group>"; };
		888C56C3277711AC0029090A /* ContentView.swift */ = {isa = PBXFileReference; lastKnownFileType = sourcecode.swift; path = ContentView.swift; sourceTree = "<group>"; };
		888C56C4277711AD0029090A /* Assets.xcassets */ = {isa = PBXFileReference; lastKnownFileType = folder.assetcatalog; path = Assets.xcassets; sourceTree = "<group>"; };
		888C56C9277711AD0029090A /* WordCloudDemo.app */ = {isa = PBXFileReference; explicitFileType = wrapper.application; includeInIndex = 0; path = WordCloudDemo.app; sourceTree = BUILT_PRODUCTS_DIR; };
		888C56CF277711AD0029090A /* WordCloudDemo.app */ = {isa = PBXFileReference; explicitFileType = wrapper.application; includeInIndex = 0; path = WordCloudDemo.app; sourceTree = BUILT_PRODUCTS_DIR; };
		888C56D1277711AD0029090A /* macOS.entitlements */ = {isa = PBXFileReference; lastKnownFileType = text.plist.entitlements; path = macOS.entitlements; sourceTree = "<group>"; };
		888C56E0277712730029090A /* WordCloudImageView.swift */ = {isa = PBXFileReference; lastKnownFileType = sourcecode.swift; path = WordCloudImageView.swift; sourceTree = "<group>"; };
		888C56E3277750660029090A /* WordCloudView.swift */ = {isa = PBXFileReference; lastKnownFileType = sourcecode.swift; path = WordCloudView.swift; sourceTree = "<group>"; };
/* End PBXFileReference section */

/* Begin PBXFrameworksBuildPhase section */
		888C56C6277711AD0029090A /* Frameworks */ = {
			isa = PBXFrameworksBuildPhase;
			buildActionMask = 2147483647;
			files = (
			);
			runOnlyForDeploymentPostprocessing = 0;
		};
		888C56CC277711AD0029090A /* Frameworks */ = {
			isa = PBXFrameworksBuildPhase;
			buildActionMask = 2147483647;
			files = (
			);
			runOnlyForDeploymentPostprocessing = 0;
		};
/* End PBXFrameworksBuildPhase section */

/* Begin PBXGroup section */
		888C56BC277711AC0029090A = {
			isa = PBXGroup;
			children = (
				888C56C1277711AC0029090A /* Shared */,
				888C56D0277711AD0029090A /* macOS */,
				888C56CA277711AD0029090A /* Products */,
			);
			sourceTree = "<group>";
		};
		888C56C1277711AC0029090A /* Shared */ = {
			isa = PBXGroup;
			children = (
				888C56C2277711AC0029090A /* WordCloudDemoApp.swift */,
				888C56C3277711AC0029090A /* ContentView.swift */,
				888C56C4277711AD0029090A /* Assets.xcassets */,
				888C56E0277712730029090A /* WordCloudImageView.swift */,
				888C56E3277750660029090A /* WordCloudView.swift */,
			);
			path = Shared;
			sourceTree = "<group>";
		};
		888C56CA277711AD0029090A /* Products */ = {
			isa = PBXGroup;
			children = (
				888C56C9277711AD0029090A /* WordCloudDemo.app */,
				888C56CF277711AD0029090A /* WordCloudDemo.app */,
			);
			name = Products;
			sourceTree = "<group>";
		};
		888C56D0277711AD0029090A /* macOS */ = {
			isa = PBXGroup;
			children = (
				888C56D1277711AD0029090A /* macOS.entitlements */,
			);
			path = macOS;
			sourceTree = "<group>";
		};
/* End PBXGroup section */

/* Begin PBXNativeTarget section */
		888C56C8277711AD0029090A /* WordCloudDemo (iOS) */ = {
			isa = PBXNativeTarget;
			buildConfigurationList = 888C56DA277711AD0029090A /* Build configuration list for PBXNativeTarget "WordCloudDemo (iOS)" */;
			buildPhases = (
				888C56C5277711AD0029090A /* Sources */,
				888C56C6277711AD0029090A /* Frameworks */,
				888C56C7277711AD0029090A /* Resources */,
			);
			buildRules = (
			);
			dependencies = (
			);
			name = "WordCloudDemo (iOS)";
			productName = "WordCloudDemo (iOS)";
			productReference = 888C56C9277711AD0029090A /* WordCloudDemo.app */;
			productType = "com.apple.product-type.application";
		};
		888C56CE277711AD0029090A /* WordCloudDemo (macOS) */ = {
			isa = PBXNativeTarget;
			buildConfigurationList = 888C56DD277711AD0029090A /* Build configuration list for PBXNativeTarget "WordCloudDemo (macOS)" */;
			buildPhases = (
				888C56CB277711AD0029090A /* Sources */,
				888C56CC277711AD0029090A /* Frameworks */,
				888C56CD277711AD0029090A /* Resources */,
			);
			buildRules = (
			);
			dependencies = (
			);
			name = "WordCloudDemo (macOS)";
			productName = "WordCloudDemo (macOS)";
			productReference = 888C56CF277711AD0029090A /* WordCloudDemo.app */;
			productType = "com.apple.product-type.application";
		};
/* End PBXNativeTarget section */

/* Begin PBXProject section */
		888C56BD277711AC0029090A /* Project object */ = {
			isa = PBXProject;
			attributes = {
				BuildIndependentTargetsInParallel = 1;
				LastSwiftUpdateCheck = 1310;
				LastUpgradeCheck = 1310;
				TargetAttributes = {
					888C56C8277711AD0029090A = {
						CreatedOnToolsVersion = 13.1;
					};
					888C56CE277711AD0029090A = {
						CreatedOnToolsVersion = 13.1;
					};
				};
			};
			buildConfigurationList = 888C56C0277711AC0029090A /* Build configuration list for PBXProject "WordCloudDemo" */;
			compatibilityVersion = "Xcode 13.0";
			developmentRegion = en;
			hasScannedForEncodings = 0;
			knownRegions = (
				en,
				Base,
			);
			mainGroup = 888C56BC277711AC0029090A;
			productRefGroup = 888C56CA277711AD0029090A /* Products */;
			projectDirPath = "";
			projectRoot = "";
			targets = (
				888C56C8277711AD0029090A /* WordCloudDemo (iOS) */,
				888C56CE277711AD0029090A /* WordCloudDemo (macOS) */,
			);
		};
/* End PBXProject section */

/* Begin PBXResourcesBuildPhase section */
		888C56C7277711AD0029090A /* Resources */ = {
			isa = PBXResourcesBuildPhase;
			buildActionMask = 2147483647;
			files = (
				888C56D6277711AD0029090A /* Assets.xcassets in Resources */,
			);
			runOnlyForDeploymentPostprocessing = 0;
		};
		888C56CD277711AD0029090A /* Resources */ = {
			isa = PBXResourcesBuildPhase;
			buildActionMask = 2147483647;
			files = (
				888C56D7277711AD0029090A /* Assets.xcassets in Resources */,
			);
			runOnlyForDeploymentPostprocessing = 0;
		};
/* End PBXResourcesBuildPhase section */

/* Begin PBXSourcesBuildPhase section */
		888C56C5277711AD0029090A /* Sources */ = {
			isa = PBXSourcesBuildPhase;
			buildActionMask = 2147483647;
			files = (
				888C56E4277750660029090A /* WordCloudView.swift in Sources */,
				888C56E1277712730029090A /* WordCloudImageView.swift in Sources */,
				888C56D4277711AD0029090A /* ContentView.swift in Sources */,
				888C56D2277711AD0029090A /* WordCloudDemoApp.swift in Sources */,
			);
			runOnlyForDeploymentPostprocessing = 0;
		};
		888C56CB277711AD0029090A /* Sources */ = {
			isa = PBXSourcesBuildPhase;
			buildActionMask = 2147483647;
			files = (
				888C56E5277750660029090A /* WordCloudView.swift in Sources */,
				888C56E2277712730029090A /* WordCloudImageView.swift in Sources */,
				888C56D5277711AD0029090A /* ContentView.swift in Sources */,
				888C56D3277711AD0029090A /* WordCloudDemoApp.swift in Sources */,
			);
			runOnlyForDeploymentPostprocessing = 0;
		};
/* End PBXSourcesBuildPhase section */

/* Begin XCBuildConfiguration section */
		888C56D8277711AD0029090A /* Debug */ = {
			isa = XCBuildConfiguration;
			buildSettings = {
				ALWAYS_SEARCH_USER_PATHS = NO;
				CLANG_ANALYZER_NONNULL = YES;
				CLANG_ANALYZER_NUMBER_OBJECT_CONVERSION = YES_AGGRESSIVE;
				CLANG_CXX_LANGUAGE_STANDARD = "gnu++17";
				CLANG_CXX_LIBRARY = "libc++";
				CLANG_ENABLE_MODULES = YES;
				CLANG_ENABLE_OBJC_ARC = YES;
				CLANG_ENABLE_OBJC_WEAK = YES;
				CLANG_WARN_BLOCK_CAPTURE_AUTORELEASING = YES;
				CLANG_WARN_BOOL_CONVERSION = YES;
				CLANG_WARN_COMMA = YES;
				CLANG_WARN_CONSTANT_CONVERSION = YES;
				CLANG_WARN_DEPRECATED_OBJC_IMPLEMENTATIONS = YES;
				CLANG_WARN_DIRECT_OBJC_ISA_USAGE = YES_ERROR;
				CLANG_WARN_DOCUMENTATION_COMMENTS = YES;
				CLANG_WARN_EMPTY_BODY = YES;
				CLANG_WARN_ENUM_CONVERSION = YES;
				CLANG_WARN_INFINITE_RECURSION = YES;
				CLANG_WARN_INT_CONVERSION = YES;
				CLANG_WARN_NON_LITERAL_NULL_CONVERSION = YES;
				CLANG_WARN_OBJC_IMPLICIT_RETAIN_SELF = YES;
				CLANG_WARN_OBJC_LITERAL_CONVERSION = YES;
				CLANG_WARN_OBJC_ROOT_CLASS = YES_ERROR;
				CLANG_WARN_QUOTED_INCLUDE_IN_FRAMEWORK_HEADER = YES;
				CLANG_WARN_RANGE_LOOP_ANALYSIS = YES;
				CLANG_WARN_STRICT_PROTOTYPES = YES;
				CLANG_WARN_SUSPICIOUS_MOVE = YES;
				CLANG_WARN_UNGUARDED_AVAILABILITY = YES_AGGRESSIVE;
				CLANG_WARN_UNREACHABLE_CODE = YES;
				CLANG_WARN__DUPLICATE_METHOD_MATCH = YES;
				COPY_PHASE_STRIP = NO;
				DEBUG_INFORMATION_FORMAT = dwarf;
				ENABLE_STRICT_OBJC_MSGSEND = YES;
				ENABLE_TESTABILITY = YES;
				GCC_C_LANGUAGE_STANDARD = gnu11;
				GCC_DYNAMIC_NO_PIC = NO;
				GCC_NO_COMMON_BLOCKS = YES;
				GCC_OPTIMIZATION_LEVEL = 0;
				GCC_PREPROCESSOR_DEFINITIONS = (
					"DEBUG=1",
					"$(inherited)",
				);
				GCC_WARN_64_TO_32_BIT_CONVERSION = YES;
				GCC_WARN_ABOUT_RETURN_TYPE = YES_ERROR;
				GCC_WARN_UNDECLARED_SELECTOR = YES;
				GCC_WARN_UNINITIALIZED_AUTOS = YES_AGGRESSIVE;
				GCC_WARN_UNUSED_FUNCTION = YES;
				GCC_WARN_UNUSED_VARIABLE = YES;
				MTL_ENABLE_DEBUG_INFO = INCLUDE_SOURCE;
				MTL_FAST_MATH = YES;
				ONLY_ACTIVE_ARCH = YES;
				SWIFT_ACTIVE_COMPILATION_CONDITIONS = DEBUG;
				SWIFT_OPTIMIZATION_LEVEL = "-Onone";
			};
			name = Debug;
		};
		888C56D9277711AD0029090A /* Release */ = {
			isa = XCBuildConfiguration;
			buildSettings = {
				ALWAYS_SEARCH_USER_PATHS = NO;
				CLANG_ANALYZER_NONNULL = YES;
				CLANG_ANALYZER_NUMBER_OBJECT_CONVERSION = YES_AGGRESSIVE;
				CLANG_CXX_LANGUAGE_STANDARD = "gnu++17";
				CLANG_CXX_LIBRARY = "libc++";
				CLANG_ENABLE_MODULES = YES;
				CLANG_ENABLE_OBJC_ARC = YES;
				CLANG_ENABLE_OBJC_WEAK = YES;
				CLANG_WARN_BLOCK_CAPTURE_AUTORELEASING = YES;
				CLANG_WARN_BOOL_CONVERSION = YES;
				CLANG_WARN_COMMA = YES;
				CLANG_WARN_CONSTANT_CONVERSION = YES;
				CLANG_WARN_DEPRECATED_OBJC_IMPLEMENTATIONS = YES;
				CLANG_WARN_DIRECT_OBJC_ISA_USAGE = YES_ERROR;
				CLANG_WARN_DOCUMENTATION_COMMENTS = YES;
				CLANG_WARN_EMPTY_BODY = YES;
				CLANG_WARN_ENUM_CONVERSION = YES;
				CLANG_WARN_INFINITE_RECURSION = YES;
				CLANG_WARN_INT_CONVERSION = YES;
				CLANG_WARN_NON_LITERAL_NULL_CONVERSION = YES;
				CLANG_WARN_OBJC_IMPLICIT_RETAIN_SELF = YES;
				CLANG_WARN_OBJC_LITERAL_CONVERSION = YES;
				CLANG_WARN_OBJC_ROOT_CLASS = YES_ERROR;
				CLANG_WARN_QUOTED_INCLUDE_IN_FRAMEWORK_HEADER = YES;
				CLANG_WARN_RANGE_LOOP_ANALYSIS = YES;
				CLANG_WARN_STRICT_PROTOTYPES = YES;
				CLANG_WARN_SUSPICIOUS_MOVE = YES;
				CLANG_WARN_UNGUARDED_AVAILABILITY = YES_AGGRESSIVE;
				CLANG_WARN_UNREACHABLE_CODE = YES;
				CLANG_WARN__DUPLICATE_METHOD_MATCH = YES;
				COPY_PHASE_STRIP = NO;
				DEBUG_INFORMATION_FORMAT = "dwarf-with-dsym";
				ENABLE_NS_ASSERTIONS = NO;
				ENABLE_STRICT_OBJC_MSGSEND = YES;
				GCC_C_LANGUAGE_STANDARD = gnu11;
				GCC_NO_COMMON_BLOCKS = YES;
				GCC_WARN_64_TO_32_BIT_CONVERSION = YES;
				GCC_WARN_ABOUT_RETURN_TYPE = YES_ERROR;
				GCC_WARN_UNDECLARED_SELECTOR = YES;
				GCC_WARN_UNINITIALIZED_AUTOS = YES_AGGRESSIVE;
				GCC_WARN_UNUSED_FUNCTION = YES;
				GCC_WARN_UNUSED_VARIABLE = YES;
				MTL_ENABLE_DEBUG_INFO = NO;
				MTL_FAST_MATH = YES;
				SWIFT_COMPILATION_MODE = wholemodule;
				SWIFT_OPTIMIZATION_LEVEL = "-O";
			};
			name = Release;
		};
		888C56DB277711AD0029090A /* Debug */ = {
			isa = XCBuildConfiguration;
			buildSettings = {
				ASSETCATALOG_COMPILER_APPICON_NAME = AppIcon;
				ASSETCATALOG_COMPILER_GLOBAL_ACCENT_COLOR_NAME = AccentColor;
				CODE_SIGN_STYLE = Automatic;
				CURRENT_PROJECT_VERSION = 1;
				DEVELOPMENT_TEAM = 9ZARAPZJX4;
				ENABLE_PREVIEWS = YES;
				GENERATE_INFOPLIST_FILE = YES;
				INFOPLIST_KEY_UIApplicationSceneManifest_Generation = YES;
				INFOPLIST_KEY_UIApplicationSupportsIndirectInputEvents = YES;
				INFOPLIST_KEY_UILaunchScreen_Generation = YES;
				INFOPLIST_KEY_UISupportedInterfaceOrientations_iPad = "UIInterfaceOrientationPortrait UIInterfaceOrientationPortraitUpsideDown UIInterfaceOrientationLandscapeLeft UIInterfaceOrientationLandscapeRight";
				INFOPLIST_KEY_UISupportedInterfaceOrientations_iPhone = "UIInterfaceOrientationPortrait UIInterfaceOrientationLandscapeLeft UIInterfaceOrientationLandscapeRight";
				IPHONEOS_DEPLOYMENT_TARGET = 15.0;
				LD_RUNPATH_SEARCH_PATHS = (
					"$(inherited)",
					"@executable_path/Frameworks",
				);
				MARKETING_VERSION = 1.0;
				PRODUCT_BUNDLE_IDENTIFIER = org.tomasen.WordCloudDemo;
				PRODUCT_NAME = WordCloudDemo;
				SDKROOT = iphoneos;
				SWIFT_EMIT_LOC_STRINGS = YES;
				SWIFT_VERSION = 5.0;
				TARGETED_DEVICE_FAMILY = "1,2";
			};
			name = Debug;
		};
		888C56DC277711AD0029090A /* Release */ = {
			isa = XCBuildConfiguration;
			buildSettings = {
				ASSETCATALOG_COMPILER_APPICON_NAME = AppIcon;
				ASSETCATALOG_COMPILER_GLOBAL_ACCENT_COLOR_NAME = AccentColor;
				CODE_SIGN_STYLE = Automatic;
				CURRENT_PROJECT_VERSION = 1;
				DEVELOPMENT_TEAM = 9ZARAPZJX4;
				ENABLE_PREVIEWS = YES;
				GENERATE_INFOPLIST_FILE = YES;
				INFOPLIST_KEY_UIApplicationSceneManifest_Generation = YES;
				INFOPLIST_KEY_UIApplicationSupportsIndirectInputEvents = YES;
				INFOPLIST_KEY_UILaunchScreen_Generation = YES;
				INFOPLIST_KEY_UISupportedInterfaceOrientations_iPad = "UIInterfaceOrientationPortrait UIInterfaceOrientationPortraitUpsideDown UIInterfaceOrientationLandscapeLeft UIInterfaceOrientationLandscapeRight";
				INFOPLIST_KEY_UISupportedInterfaceOrientations_iPhone = "UIInterfaceOrientationPortrait UIInterfaceOrientationLandscapeLeft UIInterfaceOrientationLandscapeRight";
				IPHONEOS_DEPLOYMENT_TARGET = 15.0;
				LD_RUNPATH_SEARCH_PATHS = (
					"$(inherited)",
					"@executable_path/Frameworks",
				);
				MARKETING_VERSION = 1.0;
				PRODUCT_BUNDLE_IDENTIFIER = org.tomasen.WordCloudDemo;
				PRODUCT_NAME = WordCloudDemo;
				SDKROOT = iphoneos;
				SWIFT_EMIT_LOC_STRINGS = YES;
				SWIFT_VERSION = 5.0;
				TARGETED_DEVICE_FAMILY = "1,2";
				VALIDATE_PRODUCT = YES;
			};
			name = Release;
		};
		888C56DE277711AD0029090A /* Debug */ = {
			isa = XCBuildConfiguration;
			buildSettings = {
				ASSETCATALOG_COMPILER_APPICON_NAME = AppIcon;
				ASSETCATALOG_COMPILER_GLOBAL_ACCENT_COLOR_NAME = AccentColor;
				CODE_SIGN_ENTITLEMENTS = macOS/macOS.entitlements;
				CODE_SIGN_STYLE = Automatic;
				COMBINE_HIDPI_IMAGES = YES;
				CURRENT_PROJECT_VERSION = 1;
				DEVELOPMENT_TEAM = 9ZARAPZJX4;
				ENABLE_HARDENED_RUNTIME = YES;
				ENABLE_PREVIEWS = YES;
				GENERATE_INFOPLIST_FILE = YES;
				INFOPLIST_KEY_NSHumanReadableCopyright = "";
				LD_RUNPATH_SEARCH_PATHS = (
					"$(inherited)",
					"@executable_path/../Frameworks",
				);
				MACOSX_DEPLOYMENT_TARGET = 12.0;
				MARKETING_VERSION = 1.0;
				PRODUCT_BUNDLE_IDENTIFIER = org.tomasen.WordCloudDemo;
				PRODUCT_NAME = WordCloudDemo;
				SDKROOT = macosx;
				SWIFT_EMIT_LOC_STRINGS = YES;
				SWIFT_VERSION = 5.0;
			};
			name = Debug;
		};
		888C56DF277711AD0029090A /* Release */ = {
			isa = XCBuildConfiguration;
			buildSettings = {
				ASSETCATALOG_COMPILER_APPICON_NAME = AppIcon;
				ASSETCATALOG_COMPILER_GLOBAL_ACCENT_COLOR_NAME = AccentColor;
				CODE_SIGN_ENTITLEMENTS = macOS/macOS.entitlements;
				CODE_SIGN_STYLE = Automatic;
				COMBINE_HIDPI_IMAGES = YES;
				CURRENT_PROJECT_VERSION = 1;
				DEVELOPMENT_TEAM = 9ZARAPZJX4;
				ENABLE_HARDENED_RUNTIME = YES;
				ENABLE_PREVIEWS = YES;
				GENERATE_INFOPLIST_FILE = YES;
				INFOPLIST_KEY_NSHumanReadableCopyright = "";
				LD_RUNPATH_SEARCH_PATHS = (
					"$(inherited)",
					"@executable_path/../Frameworks",
				);
				MACOSX_DEPLOYMENT_TARGET = 12.0;
				MARKETING_VERSION = 1.0;
				PRODUCT_BUNDLE_IDENTIFIER = org.tomasen.WordCloudDemo;
				PRODUCT_NAME = WordCloudDemo;
				SDKROOT = macosx;
				SWIFT_EMIT_LOC_STRINGS = YES;
				SWIFT_VERSION = 5.0;
			};
			name = Release;
		};
/* End XCBuildConfiguration section */

/* Begin XCConfigurationList section */
		888C56C0277711AC0029090A /* Build configuration list for PBXProject "WordCloudDemo" */ = {
			isa = XCConfigurationList;
			buildConfigurations = (
				888C56D8277711AD0029090A /* Debug */,
				888C56D9277711AD0029090A /* Release */,
			);
			defaultConfigurationIsVisible = 0;
			defaultConfigurationName = Release;
		};
		888C56DA277711AD0029090A /* Build configuration list for PBXNativeTarget "WordCloudDemo (iOS)" */ = {
			isa = XCConfigurationList;
			buildConfigurations = (
				888C56DB277711AD0029090A /* Debug */,
				888C56DC277711AD0029090A /* Release */,
			);
			defaultConfigurationIsVisible = 0;
			defaultConfigurationName = Release;
		};
		888C56DD277711AD0029090A /* Build configuration list for PBXNativeTarget "WordCloudDemo (macOS)" */ = {
			isa = XCConfigurationList;
			buildConfigurations = (
				888C56DE277711AD0029090A /* Debug */,
				888C56DF277711AD0029090A /* Release */,
			);
			defaultConfigurationIsVisible = 0;
			defaultConfigurationName = Release;
		};
/* End XCConfigurationList section */
	};
	rootObject = 888C56BD277711AC0029090A /* Project object */;
}
